
Microsoft Visual Studio Solution File, Format Version 12.00
# Visual Studio Version 17
VisualStudioVersion = 17.0.31903.59
MinimumVisualStudioVersion = 10.0.40219.1
Project("{FAE04EC0-301F-11D3-BF4B-00C04F79EFBC}") = "SpinScript", "SpinScript\SpinScript.csproj", "{57CB4570-A361-41B9-9CD8-29375E2FF05E}"
EndProject
Project("{FAE04EC0-301F-11D3-BF4B-00C04F79EFBC}") = "SpinScript.Tests", "SpinScript.Tests\SpinScript.Tests.csproj", "{AA3CB248-F92A-4211-B9DF-D885FC86337E}"
EndProject
Project("{FAE04EC0-301F-11D3-BF4B-00C04F79EFBC}") = "SpinScript.Wasm", "SpinScript.Wasm\SpinScript.Wasm.csproj", "{794D3597-EAAC-4A1C-A5B7-218D6C5EFFA8}"
EndProject
Project("{FAE04EC0-301F-11D3-BF4B-00C04F79EFBC}") = "SpinScript.Core", "SpinScript.Core\SpinScript.Core.csproj", "{93E34549-F379-4D5E-AA22-3464D859301C}"
EndProject
Global
	GlobalSection(SolutionConfigurationPlatforms) = preSolution
		Debug|Any CPU = Debug|Any CPU
		Debug|x64 = Debug|x64
		Debug|x86 = Debug|x86
		Release|Any CPU = Release|Any CPU
		Release|x64 = Release|x64
		Release|x86 = Release|x86
	EndGlobalSection
	GlobalSection(ProjectConfigurationPlatforms) = postSolution
		{57CB4570-A361-41B9-9CD8-29375E2FF05E}.Debug|Any CPU.ActiveCfg = Debug|Any CPU
		{57CB4570-A361-41B9-9CD8-29375E2FF05E}.Debug|Any CPU.Build.0 = Debug|Any CPU
		{57CB4570-A361-41B9-9CD8-29375E2FF05E}.Debug|x64.ActiveCfg = Debug|Any CPU
		{57CB4570-A361-41B9-9CD8-29375E2FF05E}.Debug|x64.Build.0 = Debug|Any CPU
		{57CB4570-A361-41B9-9CD8-29375E2FF05E}.Debug|x86.ActiveCfg = Debug|Any CPU
		{57CB4570-A361-41B9-9CD8-29375E2FF05E}.Debug|x86.Build.0 = Debug|Any CPU
		{57CB4570-A361-41B9-9CD8-29375E2FF05E}.Release|Any CPU.ActiveCfg = Release|Any CPU
		{57CB4570-A361-41B9-9CD8-29375E2FF05E}.Release|Any CPU.Build.0 = Release|Any CPU
		{57CB4570-A361-41B9-9CD8-29375E2FF05E}.Release|x64.ActiveCfg = Release|Any CPU
		{57CB4570-A361-41B9-9CD8-29375E2FF05E}.Release|x64.Build.0 = Release|Any CPU
		{57CB4570-A361-41B9-9CD8-29375E2FF05E}.Release|x86.ActiveCfg = Release|Any CPU
		{57CB4570-A361-41B9-9CD8-29375E2FF05E}.Release|x86.Build.0 = Release|Any CPU
		{AA3CB248-F92A-4211-B9DF-D885FC86337E}.Debug|Any CPU.ActiveCfg = Debug|Any CPU
		{AA3CB248-F92A-4211-B9DF-D885FC86337E}.Debug|Any CPU.Build.0 = Debug|Any CPU
		{AA3CB248-F92A-4211-B9DF-D885FC86337E}.Debug|x64.ActiveCfg = Debug|Any CPU
		{AA3CB248-F92A-4211-B9DF-D885FC86337E}.Debug|x64.Build.0 = Debug|Any CPU
		{AA3CB248-F92A-4211-B9DF-D885FC86337E}.Debug|x86.ActiveCfg = Debug|Any CPU
		{AA3CB248-F92A-4211-B9DF-D885FC86337E}.Debug|x86.Build.0 = Debug|Any CPU
		{AA3CB248-F92A-4211-B9DF-D885FC86337E}.Release|Any CPU.ActiveCfg = Release|Any CPU
		{AA3CB248-F92A-4211-B9DF-D885FC86337E}.Release|Any CPU.Build.0 = Release|Any CPU
		{AA3CB248-F92A-4211-B9DF-D885FC86337E}.Release|x64.ActiveCfg = Release|Any CPU
		{AA3CB248-F92A-4211-B9DF-D885FC86337E}.Release|x64.Build.0 = Release|Any CPU
		{AA3CB248-F92A-4211-B9DF-D885FC86337E}.Release|x86.ActiveCfg = Release|Any CPU
		{AA3CB248-F92A-4211-B9DF-D885FC86337E}.Release|x86.Build.0 = Release|Any CPU
		{794D3597-EAAC-4A1C-A5B7-218D6C5EFFA8}.Debug|Any CPU.ActiveCfg = Debug|Any CPU
		{794D3597-EAAC-4A1C-A5B7-218D6C5EFFA8}.Debug|Any CPU.Build.0 = Debug|Any CPU
		{794D3597-EAAC-4A1C-A5B7-218D6C5EFFA8}.Debug|x64.ActiveCfg = Debug|Any CPU
		{794D3597-EAAC-4A1C-A5B7-218D6C5EFFA8}.Debug|x64.Build.0 = Debug|Any CPU
		{794D3597-EAAC-4A1C-A5B7-218D6C5EFFA8}.Debug|x86.ActiveCfg = Debug|Any CPU
		{794D3597-EAAC-4A1C-A5B7-218D6C5EFFA8}.Debug|x86.Build.0 = Debug|Any CPU
		{794D3597-EAAC-4A1C-A5B7-218D6C5EFFA8}.Release|Any CPU.ActiveCfg = Release|Any CPU
		{794D3597-EAAC-4A1C-A5B7-218D6C5EFFA8}.Release|Any CPU.Build.0 = Release|Any CPU
		{794D3597-EAAC-4A1C-A5B7-218D6C5EFFA8}.Release|x64.ActiveCfg = Release|Any CPU
		{794D3597-EAAC-4A1C-A5B7-218D6C5EFFA8}.Release|x64.Build.0 = Release|Any CPU
		{794D3597-EAAC-4A1C-A5B7-218D6C5EFFA8}.Release|x86.ActiveCfg = Release|Any CPU
		{794D3597-EAAC-4A1C-A5B7-218D6C5EFFA8}.Release|x86.Build.0 = Release|Any CPU
		{93E34549-F379-4D5E-AA22-3464D859301C}.Debug|Any CPU.ActiveCfg = Debug|Any CPU
		{93E34549-F379-4D5E-AA22-3464D859301C}.Debug|Any CPU.Build.0 = Debug|Any CPU
		{93E34549-F379-4D5E-AA22-3464D859301C}.Debug|x64.ActiveCfg = Debug|Any CPU
		{93E34549-F379-4D5E-AA22-3464D859301C}.Debug|x64.Build.0 = Debug|Any CPU
		{93E34549-F379-4D5E-AA22-3464D859301C}.Debug|x86.ActiveCfg = Debug|Any CPU
		{93E34549-F379-4D5E-AA22-3464D859301C}.Debug|x86.Build.0 = Debug|Any CPU
		{93E34549-F379-4D5E-AA22-3464D859301C}.Release|Any CPU.ActiveCfg = Release|Any CPU
		{93E34549-F379-4D5E-AA22-3464D859301C}.Release|Any CPU.Build.0 = Release|Any CPU
		{93E34549-F379-4D5E-AA22-3464D859301C}.Release|x64.ActiveCfg = Release|Any CPU
		{93E34549-F379-4D5E-AA22-3464D859301C}.Release|x64.Build.0 = Release|Any CPU
		{93E34549-F379-4D5E-AA22-3464D859301C}.Release|x86.ActiveCfg = Release|Any CPU
		{93E34549-F379-4D5E-AA22-3464D859301C}.Release|x86.Build.0 = Release|Any CPU
	EndGlobalSection
	GlobalSection(SolutionProperties) = preSolution
		HideSolutionNode = FALSE
	EndGlobalSection
EndGlobal
